// !$*UTF8*$!
{
	archiveVersion = 1;
	classes = {
	};
	objectVersion = 46;
	objects = {

/* Begin PBXBuildFile section */
		1332C6CE1E85751A008E9A17 /* Utilities.m in Sources */ = {isa = PBXBuildFile; fileRef = 1332C6CD1E85751A008E9A17 /* Utilities.m */; };
		133949391E5705E6003EA10F /* AboutController.m in Sources */ = {isa = PBXBuildFile; fileRef = 133949371E5705E6003EA10F /* AboutController.m */; };
		1339493A1E5705E6003EA10F /* About.xib in Resources */ = {isa = PBXBuildFile; fileRef = 133949381E5705E6003EA10F /* About.xib */; };
		133949421E57295E003EA10F /* SettingsController.m in Sources */ = {isa = PBXBuildFile; fileRef = 133949401E57295E003EA10F /* SettingsController.m */; };
		133949431E57295E003EA10F /* Settings.xib in Resources */ = {isa = PBXBuildFile; fileRef = 133949411E57295E003EA10F /* Settings.xib */; };
		133949461E57570D003EA10F /* SpotifyAutoplayer.m in Sources */ = {isa = PBXBuildFile; fileRef = 133949451E57570D003EA10F /* SpotifyAutoplayer.m */; };
		13468DF31E4F8DAC003EF3DE /* STPrivilegedTask.m in Sources */ = {isa = PBXBuildFile; fileRef = 13468DF21E4F8DAC003EF3DE /* STPrivilegedTask.m */; };
		13468DF71E4F8F5D003EF3DE /* Security.framework in Frameworks */ = {isa = PBXBuildFile; fileRef = 13468DF61E4F8F5D003EF3DE /* Security.framework */; };
		13994ACA1E59ECAB00085440 /* PopupController.m in Sources */ = {isa = PBXBuildFile; fileRef = 13994AC81E59ECAB00085440 /* PopupController.m */; };
		13994ACB1E59ECAB00085440 /* PopupSpotifyUri.xib in Resources */ = {isa = PBXBuildFile; fileRef = 13994AC91E59ECAB00085440 /* PopupSpotifyUri.xib */; };
		13994ACF1E59FE0000085440 /* PopupGeneral.xib in Resources */ = {isa = PBXBuildFile; fileRef = 13994ACE1E59FE0000085440 /* PopupGeneral.xib */; };
		13CE80D71E6C57D100679D15 /* AudioHelper.m in Sources */ = {isa = PBXBuildFile; fileRef = 13CE80D61E6C57D100679D15 /* AudioHelper.m */; };
		13CE80D91E6C58AF00679D15 /* CoreAudio.framework in Frameworks */ = {isa = PBXBuildFile; fileRef = 13CE80D81E6C58AF00679D15 /* CoreAudio.framework */; };
		13CE80DB1E6DE09E00679D15 /* Images.xcassets in Resources */ = {isa = PBXBuildFile; fileRef = 13CE80DA1E6DE09E00679D15 /* Images.xcassets */; };
		13CE810A1E6F475C00679D15 /* abouticon_256x256.png in Resources */ = {isa = PBXBuildFile; fileRef = 13CE80FA1E6F475C00679D15 /* abouticon_256x256.png */; };
		13CE810B1E6F475C00679D15 /* abouticon_256x256@2x.png in Resources */ = {isa = PBXBuildFile; fileRef = 13CE80FB1E6F475C00679D15 /* abouticon_256x256@2x.png */; };
		13CE810C1E6F475C00679D15 /* bar_clockface_highlighted.png in Resources */ = {isa = PBXBuildFile; fileRef = 13CE80FC1E6F475C00679D15 /* bar_clockface_highlighted.png */; };
		13CE810D1E6F475C00679D15 /* bar_clockface_highlighted@2x.png in Resources */ = {isa = PBXBuildFile; fileRef = 13CE80FD1E6F475C00679D15 /* bar_clockface_highlighted@2x.png */; };
		13CE810E1E6F475C00679D15 /* bar_clockface.png in Resources */ = {isa = PBXBuildFile; fileRef = 13CE80FE1E6F475C00679D15 /* bar_clockface.png */; };
		13CE810F1E6F475C00679D15 /* bar_clockface@2x.png in Resources */ = {isa = PBXBuildFile; fileRef = 13CE80FF1E6F475C00679D15 /* bar_clockface@2x.png */; };
		13CE81101E6F475C00679D15 /* bar_spotifyface_highlighted.png in Resources */ = {isa = PBXBuildFile; fileRef = 13CE81001E6F475C00679D15 /* bar_spotifyface_highlighted.png */; };
		13CE81111E6F475C00679D15 /* bar_spotifyface_highlighted@2x.png in Resources */ = {isa = PBXBuildFile; fileRef = 13CE81011E6F475C00679D15 /* bar_spotifyface_highlighted@2x.png */; };
		13CE81121E6F475C00679D15 /* bar_spotifyface.png in Resources */ = {isa = PBXBuildFile; fileRef = 13CE81021E6F475C00679D15 /* bar_spotifyface.png */; };
		13CE81131E6F475C00679D15 /* bar_spotifyface@2x.png in Resources */ = {isa = PBXBuildFile; fileRef = 13CE81031E6F475C00679D15 /* bar_spotifyface@2x.png */; };
		13CE81141E6F475C00679D15 /* cog.png in Resources */ = {isa = PBXBuildFile; fileRef = 13CE81041E6F475C00679D15 /* cog.png */; };
		13CE81151E6F475C00679D15 /* cog@2x.png in Resources */ = {isa = PBXBuildFile; fileRef = 13CE81051E6F475C00679D15 /* cog@2x.png */; };
		13CE81161E6F475C00679D15 /* klartek_logo.png in Resources */ = {isa = PBXBuildFile; fileRef = 13CE81061E6F475C00679D15 /* klartek_logo.png */; };
		13CE81171E6F475C00679D15 /* klartek_logo@2x.png in Resources */ = {isa = PBXBuildFile; fileRef = 13CE81071E6F475C00679D15 /* klartek_logo@2x.png */; };
		13CE81181E6F475C00679D15 /* spotify_uri_help.png in Resources */ = {isa = PBXBuildFile; fileRef = 13CE81081E6F475C00679D15 /* spotify_uri_help.png */; };
		13CE81191E6F475C00679D15 /* spotify_uri_help@2x.png in Resources */ = {isa = PBXBuildFile; fileRef = 13CE81091E6F475C00679D15 /* spotify_uri_help@2x.png */; };
		DD4F7C0913C30F9F00825C6E /* Cocoa.framework in Frameworks */ = {isa = PBXBuildFile; fileRef = DD4F7C0813C30F9F00825C6E /* Cocoa.framework */; };
		DD4F7C1513C30F9F00825C6E /* main.m in Sources */ = {isa = PBXBuildFile; fileRef = DD4F7C1413C30F9F00825C6E /* main.m */; };
		DD4F7C1C13C30F9F00825C6E /* ApplicationDelegate.m in Sources */ = {isa = PBXBuildFile; fileRef = DD4F7C1B13C30F9F00825C6E /* ApplicationDelegate.m */; };
		DD4F7C1F13C30F9F00825C6E /* MainMenu.xib in Resources */ = {isa = PBXBuildFile; fileRef = DD4F7C1D13C30F9F00825C6E /* MainMenu.xib */; };
		DD4F7C3813C317A500825C6E /* MenubarController.m in Sources */ = {isa = PBXBuildFile; fileRef = DD4F7C3713C317A500825C6E /* MenubarController.m */; };
		DD4F7C3C13C3180800825C6E /* StatusItemView.m in Sources */ = {isa = PBXBuildFile; fileRef = DD4F7C3B13C3180800825C6E /* StatusItemView.m */; };
		DD4F7C3F13C318D600825C6E /* PanelController.m in Sources */ = {isa = PBXBuildFile; fileRef = DD4F7C3E13C318D600825C6E /* PanelController.m */; };
		DD4F7C4113C31B4A00825C6E /* Panel.xib in Resources */ = {isa = PBXBuildFile; fileRef = DD4F7C4013C31B4A00825C6E /* Panel.xib */; };
		DD4F7C4413C31BD200825C6E /* Panel.m in Sources */ = {isa = PBXBuildFile; fileRef = DD4F7C4313C31BD200825C6E /* Panel.m */; };
		DD4F7C4713C3208500825C6E /* BackgroundView.m in Sources */ = {isa = PBXBuildFile; fileRef = DD4F7C4613C3208500825C6E /* BackgroundView.m */; };
/* End PBXBuildFile section */

/* Begin PBXFileReference section */
		1332C6CC1E85751A008E9A17 /* Utilities.h */ = {isa = PBXFileReference; fileEncoding = 4; lastKnownFileType = sourcecode.c.h; path = Utilities.h; sourceTree = "<group>"; };
		1332C6CD1E85751A008E9A17 /* Utilities.m */ = {isa = PBXFileReference; fileEncoding = 4; lastKnownFileType = sourcecode.c.objc; path = Utilities.m; sourceTree = "<group>"; };
		133949361E5705E6003EA10F /* AboutController.h */ = {isa = PBXFileReference; fileEncoding = 4; lastKnownFileType = sourcecode.c.h; path = AboutController.h; sourceTree = "<group>"; };
		133949371E5705E6003EA10F /* AboutController.m */ = {isa = PBXFileReference; fileEncoding = 4; lastKnownFileType = sourcecode.c.objc; path = AboutController.m; sourceTree = "<group>"; };
		133949381E5705E6003EA10F /* About.xib */ = {isa = PBXFileReference; fileEncoding = 4; lastKnownFileType = file.xib; name = About.xib; path = Alarmify/Interface/About.xib; sourceTree = "<group>"; };
		1339493F1E57295E003EA10F /* SettingsController.h */ = {isa = PBXFileReference; fileEncoding = 4; lastKnownFileType = sourcecode.c.h; path = SettingsController.h; sourceTree = "<group>"; };
		133949401E57295E003EA10F /* SettingsController.m */ = {isa = PBXFileReference; fileEncoding = 4; lastKnownFileType = sourcecode.c.objc; path = SettingsController.m; sourceTree = "<group>"; };
		133949411E57295E003EA10F /* Settings.xib */ = {isa = PBXFileReference; fileEncoding = 4; lastKnownFileType = file.xib; name = Settings.xib; path = Alarmify/Interface/Settings.xib; sourceTree = "<group>"; };
		133949441E57570D003EA10F /* SpotifyAutoplayer.h */ = {isa = PBXFileReference; fileEncoding = 4; lastKnownFileType = sourcecode.c.h; path = SpotifyAutoplayer.h; sourceTree = "<group>"; };
		133949451E57570D003EA10F /* SpotifyAutoplayer.m */ = {isa = PBXFileReference; fileEncoding = 4; lastKnownFileType = sourcecode.c.objc; path = SpotifyAutoplayer.m; sourceTree = "<group>"; };
		13468DF11E4F8DAC003EF3DE /* STPrivilegedTask.h */ = {isa = PBXFileReference; fileEncoding = 4; lastKnownFileType = sourcecode.c.h; path = STPrivilegedTask.h; sourceTree = "<group>"; };
		13468DF21E4F8DAC003EF3DE /* STPrivilegedTask.m */ = {isa = PBXFileReference; fileEncoding = 4; lastKnownFileType = sourcecode.c.objc; path = STPrivilegedTask.m; sourceTree = "<group>"; };
		13468DF41E4F8E6A003EF3DE /* LocalAuthentication.framework */ = {isa = PBXFileReference; lastKnownFileType = wrapper.framework; name = LocalAuthentication.framework; path = System/Library/Frameworks/LocalAuthentication.framework; sourceTree = SDKROOT; };
		13468DF61E4F8F5D003EF3DE /* Security.framework */ = {isa = PBXFileReference; lastKnownFileType = wrapper.framework; name = Security.framework; path = System/Library/Frameworks/Security.framework; sourceTree = SDKROOT; };
		13994AC71E59ECAB00085440 /* PopupController.h */ = {isa = PBXFileReference; fileEncoding = 4; lastKnownFileType = sourcecode.c.h; path = PopupController.h; sourceTree = "<group>"; };
		13994AC81E59ECAB00085440 /* PopupController.m */ = {isa = PBXFileReference; fileEncoding = 4; lastKnownFileType = sourcecode.c.objc; path = PopupController.m; sourceTree = "<group>"; };
		13994AC91E59ECAB00085440 /* PopupSpotifyUri.xib */ = {isa = PBXFileReference; fileEncoding = 4; lastKnownFileType = file.xib; name = PopupSpotifyUri.xib; path = Alarmify/Interface/PopupSpotifyUri.xib; sourceTree = "<group>"; };
		13994ACE1E59FE0000085440 /* PopupGeneral.xib */ = {isa = PBXFileReference; fileEncoding = 4; lastKnownFileType = file.xib; name = PopupGeneral.xib; path = Alarmify/Interface/PopupGeneral.xib; sourceTree = "<group>"; };
		13CE80D51E6C57D100679D15 /* AudioHelper.h */ = {isa = PBXFileReference; fileEncoding = 4; lastKnownFileType = sourcecode.c.h; path = AudioHelper.h; sourceTree = "<group>"; };
		13CE80D61E6C57D100679D15 /* AudioHelper.m */ = {isa = PBXFileReference; fileEncoding = 4; lastKnownFileType = sourcecode.c.objc; path = AudioHelper.m; sourceTree = "<group>"; };
		13CE80D81E6C58AF00679D15 /* CoreAudio.framework */ = {isa = PBXFileReference; lastKnownFileType = wrapper.framework; name = CoreAudio.framework; path = System/Library/Frameworks/CoreAudio.framework; sourceTree = SDKROOT; };
		13CE80DA1E6DE09E00679D15 /* Images.xcassets */ = {isa = PBXFileReference; lastKnownFileType = folder.assetcatalog; name = Images.xcassets; path = Alarmify/Images.xcassets; sourceTree = "<group>"; };
		13CE80FA1E6F475C00679D15 /* abouticon_256x256.png */ = {isa = PBXFileReference; lastKnownFileType = image.png; name = abouticon_256x256.png; path = Alarmify/images/abouticon_256x256.png; sourceTree = "<group>"; };
		13CE80FB1E6F475C00679D15 /* abouticon_256x256@2x.png */ = {isa = PBXFileReference; lastKnownFileType = image.png; name = "abouticon_256x256@2x.png"; path = "Alarmify/images/abouticon_256x256@2x.png"; sourceTree = "<group>"; };
		13CE80FC1E6F475C00679D15 /* bar_clockface_highlighted.png */ = {isa = PBXFileReference; lastKnownFileType = image.png; name = bar_clockface_highlighted.png; path = Alarmify/images/bar_clockface_highlighted.png; sourceTree = "<group>"; };
		13CE80FD1E6F475C00679D15 /* bar_clockface_highlighted@2x.png */ = {isa = PBXFileReference; lastKnownFileType = image.png; name = "bar_clockface_highlighted@2x.png"; path = "Alarmify/images/bar_clockface_highlighted@2x.png"; sourceTree = "<group>"; };
		13CE80FE1E6F475C00679D15 /* bar_clockface.png */ = {isa = PBXFileReference; lastKnownFileType = image.png; name = bar_clockface.png; path = Alarmify/images/bar_clockface.png; sourceTree = "<group>"; };
		13CE80FF1E6F475C00679D15 /* bar_clockface@2x.png */ = {isa = PBXFileReference; lastKnownFileType = image.png; name = "bar_clockface@2x.png"; path = "Alarmify/images/bar_clockface@2x.png"; sourceTree = "<group>"; };
		13CE81001E6F475C00679D15 /* bar_spotifyface_highlighted.png */ = {isa = PBXFileReference; lastKnownFileType = image.png; name = bar_spotifyface_highlighted.png; path = Alarmify/images/bar_spotifyface_highlighted.png; sourceTree = "<group>"; };
		13CE81011E6F475C00679D15 /* bar_spotifyface_highlighted@2x.png */ = {isa = PBXFileReference; lastKnownFileType = image.png; name = "bar_spotifyface_highlighted@2x.png"; path = "Alarmify/images/bar_spotifyface_highlighted@2x.png"; sourceTree = "<group>"; };
		13CE81021E6F475C00679D15 /* bar_spotifyface.png */ = {isa = PBXFileReference; lastKnownFileType = image.png; name = bar_spotifyface.png; path = Alarmify/images/bar_spotifyface.png; sourceTree = "<group>"; };
		13CE81031E6F475C00679D15 /* bar_spotifyface@2x.png */ = {isa = PBXFileReference; lastKnownFileType = image.png; name = "bar_spotifyface@2x.png"; path = "Alarmify/images/bar_spotifyface@2x.png"; sourceTree = "<group>"; };
		13CE81041E6F475C00679D15 /* cog.png */ = {isa = PBXFileReference; lastKnownFileType = image.png; name = cog.png; path = Alarmify/images/cog.png; sourceTree = "<group>"; };
		13CE81051E6F475C00679D15 /* cog@2x.png */ = {isa = PBXFileReference; lastKnownFileType = image.png; name = "cog@2x.png"; path = "Alarmify/images/cog@2x.png"; sourceTree = "<group>"; };
		13CE81061E6F475C00679D15 /* klartek_logo.png */ = {isa = PBXFileReference; lastKnownFileType = image.png; name = klartek_logo.png; path = Alarmify/images/klartek_logo.png; sourceTree = "<group>"; };
		13CE81071E6F475C00679D15 /* klartek_logo@2x.png */ = {isa = PBXFileReference; lastKnownFileType = image.png; name = "klartek_logo@2x.png"; path = "Alarmify/images/klartek_logo@2x.png"; sourceTree = "<group>"; };
		13CE81081E6F475C00679D15 /* spotify_uri_help.png */ = {isa = PBXFileReference; lastKnownFileType = image.png; name = spotify_uri_help.png; path = Alarmify/images/spotify_uri_help.png; sourceTree = "<group>"; };
		13CE81091E6F475C00679D15 /* spotify_uri_help@2x.png */ = {isa = PBXFileReference; lastKnownFileType = image.png; name = "spotify_uri_help@2x.png"; path = "Alarmify/images/spotify_uri_help@2x.png"; sourceTree = "<group>"; };
		DD4F7C0413C30F9F00825C6E /* Alarmify.app */ = {isa = PBXFileReference; explicitFileType = wrapper.application; includeInIndex = 0; path = Alarmify.app; sourceTree = BUILT_PRODUCTS_DIR; };
		DD4F7C0813C30F9F00825C6E /* Cocoa.framework */ = {isa = PBXFileReference; lastKnownFileType = wrapper.framework; name = Cocoa.framework; path = System/Library/Frameworks/Cocoa.framework; sourceTree = SDKROOT; };
		DD4F7C0B13C30F9F00825C6E /* AppKit.framework */ = {isa = PBXFileReference; lastKnownFileType = wrapper.framework; name = AppKit.framework; path = System/Library/Frameworks/AppKit.framework; sourceTree = SDKROOT; };
		DD4F7C0C13C30F9F00825C6E /* CoreData.framework */ = {isa = PBXFileReference; lastKnownFileType = wrapper.framework; name = CoreData.framework; path = System/Library/Frameworks/CoreData.framework; sourceTree = SDKROOT; };
		DD4F7C0D13C30F9F00825C6E /* Foundation.framework */ = {isa = PBXFileReference; lastKnownFileType = wrapper.framework; name = Foundation.framework; path = System/Library/Frameworks/Foundation.framework; sourceTree = SDKROOT; };
		DD4F7C1013C30F9F00825C6E /* Alarmify-Info.plist */ = {isa = PBXFileReference; lastKnownFileType = text.plist.xml; name = "Alarmify-Info.plist"; path = "Alarmify/Alarmify-Info.plist"; sourceTree = "<group>"; };
		DD4F7C1413C30F9F00825C6E /* main.m */ = {isa = PBXFileReference; lastKnownFileType = sourcecode.c.objc; path = main.m; sourceTree = "<group>"; };
		DD4F7C1613C30F9F00825C6E /* Alarmify-Prefix.pch */ = {isa = PBXFileReference; lastKnownFileType = sourcecode.c.h; path = "Alarmify-Prefix.pch"; sourceTree = "<group>"; };
		DD4F7C1A13C30F9F00825C6E /* ApplicationDelegate.h */ = {isa = PBXFileReference; lastKnownFileType = sourcecode.c.h; path = ApplicationDelegate.h; sourceTree = "<group>"; };
		DD4F7C1B13C30F9F00825C6E /* ApplicationDelegate.m */ = {isa = PBXFileReference; lastKnownFileType = sourcecode.c.objc; path = ApplicationDelegate.m; sourceTree = "<group>"; };
		DD4F7C1E13C30F9F00825C6E /* en */ = {isa = PBXFileReference; lastKnownFileType = file.xib; name = en; path = en.lproj/MainMenu.xib; sourceTree = "<group>"; };
		DD4F7C3613C317A500825C6E /* MenubarController.h */ = {isa = PBXFileReference; fileEncoding = 4; lastKnownFileType = sourcecode.c.h; path = MenubarController.h; sourceTree = "<group>"; };
		DD4F7C3713C317A500825C6E /* MenubarController.m */ = {isa = PBXFileReference; fileEncoding = 4; lastKnownFileType = sourcecode.c.objc; path = MenubarController.m; sourceTree = "<group>"; };
		DD4F7C3A13C3180800825C6E /* StatusItemView.h */ = {isa = PBXFileReference; fileEncoding = 4; lastKnownFileType = sourcecode.c.h; path = StatusItemView.h; sourceTree = "<group>"; };
		DD4F7C3B13C3180800825C6E /* StatusItemView.m */ = {isa = PBXFileReference; fileEncoding = 4; lastKnownFileType = sourcecode.c.objc; path = StatusItemView.m; sourceTree = "<group>"; };
		DD4F7C3D13C318D600825C6E /* PanelController.h */ = {isa = PBXFileReference; fileEncoding = 4; lastKnownFileType = sourcecode.c.h; path = PanelController.h; sourceTree = "<group>"; };
		DD4F7C3E13C318D600825C6E /* PanelController.m */ = {isa = PBXFileReference; fileEncoding = 4; lastKnownFileType = sourcecode.c.objc; path = PanelController.m; sourceTree = "<group>"; };
		DD4F7C4013C31B4A00825C6E /* Panel.xib */ = {isa = PBXFileReference; fileEncoding = 4; lastKnownFileType = file.xib; name = Panel.xib; path = Alarmify/Interface/Panel.xib; sourceTree = "<group>"; };
		DD4F7C4213C31BD200825C6E /* Panel.h */ = {isa = PBXFileReference; fileEncoding = 4; lastKnownFileType = sourcecode.c.h; path = Panel.h; sourceTree = "<group>"; };
		DD4F7C4313C31BD200825C6E /* Panel.m */ = {isa = PBXFileReference; fileEncoding = 4; lastKnownFileType = sourcecode.c.objc; path = Panel.m; sourceTree = "<group>"; };
		DD4F7C4513C3208500825C6E /* BackgroundView.h */ = {isa = PBXFileReference; fileEncoding = 4; lastKnownFileType = sourcecode.c.h; path = BackgroundView.h; sourceTree = "<group>"; };
		DD4F7C4613C3208500825C6E /* BackgroundView.m */ = {isa = PBXFileReference; fileEncoding = 4; lastKnownFileType = sourcecode.c.objc; path = BackgroundView.m; sourceTree = "<group>"; };
/* End PBXFileReference section */

/* Begin PBXFrameworksBuildPhase section */
		DD4F7C0113C30F9F00825C6E /* Frameworks */ = {
			isa = PBXFrameworksBuildPhase;
			buildActionMask = 2147483647;
			files = (
				13CE80D91E6C58AF00679D15 /* CoreAudio.framework in Frameworks */,
				13468DF71E4F8F5D003EF3DE /* Security.framework in Frameworks */,
				DD4F7C0913C30F9F00825C6E /* Cocoa.framework in Frameworks */,
			);
			runOnlyForDeploymentPostprocessing = 0;
		};
/* End PBXFrameworksBuildPhase section */

/* Begin PBXGroup section */
		DD4F7BF913C30F9F00825C6E = {
			isa = PBXGroup;
			children = (
				13CE80DA1E6DE09E00679D15 /* Images.xcassets */,
				DD4F7C0E13C30F9F00825C6E /* Sources */,
				DD4F7C2813C3123E00825C6E /* User Interface */,
				DD4F7C0713C30F9F00825C6E /* Frameworks */,
				DD4F7C0513C30F9F00825C6E /* Products */,
				DD4F7C1013C30F9F00825C6E /* Alarmify-Info.plist */,
			);
			sourceTree = "<group>";
		};
		DD4F7C0513C30F9F00825C6E /* Products */ = {
			isa = PBXGroup;
			children = (
				DD4F7C0413C30F9F00825C6E /* Alarmify.app */,
			);
			name = Products;
			sourceTree = "<group>";
		};
		DD4F7C0713C30F9F00825C6E /* Frameworks */ = {
			isa = PBXGroup;
			children = (
				13CE80D81E6C58AF00679D15 /* CoreAudio.framework */,
				13468DF61E4F8F5D003EF3DE /* Security.framework */,
				13468DF41E4F8E6A003EF3DE /* LocalAuthentication.framework */,
				DD4F7C0B13C30F9F00825C6E /* AppKit.framework */,
				DD4F7C0C13C30F9F00825C6E /* CoreData.framework */,
				DD4F7C0D13C30F9F00825C6E /* Foundation.framework */,
				DD4F7C0813C30F9F00825C6E /* Cocoa.framework */,
			);
			name = Frameworks;
			sourceTree = "<group>";
		};
		DD4F7C0E13C30F9F00825C6E /* Sources */ = {
			isa = PBXGroup;
			children = (
				DD4F7C2613C311DF00825C6E /* Controllers */,
				DD4F7C3913C317EC00825C6E /* Views */,
				DD4F7C0F13C30F9F00825C6E /* Supporting Files */,
			);
			name = Sources;
			path = Alarmify;
			sourceTree = "<group>";
		};
		DD4F7C0F13C30F9F00825C6E /* Supporting Files */ = {
			isa = PBXGroup;
			children = (
				13468DF11E4F8DAC003EF3DE /* STPrivilegedTask.h */,
				13468DF21E4F8DAC003EF3DE /* STPrivilegedTask.m */,
				DD4F7C1613C30F9F00825C6E /* Alarmify-Prefix.pch */,
				DD4F7C1413C30F9F00825C6E /* main.m */,
			);
			name = "Supporting Files";
			sourceTree = "<group>";
		};
		DD4F7C2613C311DF00825C6E /* Controllers */ = {
			isa = PBXGroup;
			children = (
				DD4F7C1A13C30F9F00825C6E /* ApplicationDelegate.h */,
				DD4F7C1B13C30F9F00825C6E /* ApplicationDelegate.m */,
				DD4F7C3613C317A500825C6E /* MenubarController.h */,
				DD4F7C3713C317A500825C6E /* MenubarController.m */,
				DD4F7C3D13C318D600825C6E /* PanelController.h */,
				DD4F7C3E13C318D600825C6E /* PanelController.m */,
				133949361E5705E6003EA10F /* AboutController.h */,
				133949371E5705E6003EA10F /* AboutController.m */,
				1339493F1E57295E003EA10F /* SettingsController.h */,
				133949401E57295E003EA10F /* SettingsController.m */,
				133949441E57570D003EA10F /* SpotifyAutoplayer.h */,
				133949451E57570D003EA10F /* SpotifyAutoplayer.m */,
				13CE80D51E6C57D100679D15 /* AudioHelper.h */,
				13CE80D61E6C57D100679D15 /* AudioHelper.m */,
				13994AC71E59ECAB00085440 /* PopupController.h */,
				13994AC81E59ECAB00085440 /* PopupController.m */,
				1332C6CC1E85751A008E9A17 /* Utilities.h */,
				1332C6CD1E85751A008E9A17 /* Utilities.m */,
			);
			name = Controllers;
			sourceTree = "<group>";
		};
		DD4F7C2813C3123E00825C6E /* User Interface */ = {
			isa = PBXGroup;
			children = (
				DD4F7C4813C322D800825C6E /* Graphics */,
				DD4F7C2913C3124300825C6E /* Interfaces */,
			);
			name = "User Interface";
			sourceTree = "<group>";
		};
		DD4F7C2913C3124300825C6E /* Interfaces */ = {
			isa = PBXGroup;
			children = (
				13994AC91E59ECAB00085440 /* PopupSpotifyUri.xib */,
				13994ACE1E59FE0000085440 /* PopupGeneral.xib */,
				133949411E57295E003EA10F /* Settings.xib */,
				133949381E5705E6003EA10F /* About.xib */,
				DD4F7C1D13C30F9F00825C6E /* MainMenu.xib */,
				DD4F7C4013C31B4A00825C6E /* Panel.xib */,
			);
			name = Interfaces;
			sourceTree = "<group>";
		};
		DD4F7C3913C317EC00825C6E /* Views */ = {
			isa = PBXGroup;
			children = (
				DD4F7C4213C31BD200825C6E /* Panel.h */,
				DD4F7C4313C31BD200825C6E /* Panel.m */,
				DD4F7C3A13C3180800825C6E /* StatusItemView.h */,
				DD4F7C3B13C3180800825C6E /* StatusItemView.m */,
				DD4F7C4513C3208500825C6E /* BackgroundView.h */,
				DD4F7C4613C3208500825C6E /* BackgroundView.m */,
			);
			name = Views;
			sourceTree = "<group>";
		};
		DD4F7C4813C322D800825C6E /* Graphics */ = {
			isa = PBXGroup;
			children = (
				13CE80FA1E6F475C00679D15 /* abouticon_256x256.png */,
				13CE80FB1E6F475C00679D15 /* abouticon_256x256@2x.png */,
				13CE80FC1E6F475C00679D15 /* bar_clockface_highlighted.png */,
				13CE80FD1E6F475C00679D15 /* bar_clockface_highlighted@2x.png */,
				13CE80FE1E6F475C00679D15 /* bar_clockface.png */,
				13CE80FF1E6F475C00679D15 /* bar_clockface@2x.png */,
				13CE81001E6F475C00679D15 /* bar_spotifyface_highlighted.png */,
				13CE81011E6F475C00679D15 /* bar_spotifyface_highlighted@2x.png */,
				13CE81021E6F475C00679D15 /* bar_spotifyface.png */,
				13CE81031E6F475C00679D15 /* bar_spotifyface@2x.png */,
				13CE81041E6F475C00679D15 /* cog.png */,
				13CE81051E6F475C00679D15 /* cog@2x.png */,
				13CE81061E6F475C00679D15 /* klartek_logo.png */,
				13CE81071E6F475C00679D15 /* klartek_logo@2x.png */,
				13CE81081E6F475C00679D15 /* spotify_uri_help.png */,
				13CE81091E6F475C00679D15 /* spotify_uri_help@2x.png */,
			);
			name = Graphics;
			sourceTree = "<group>";
		};
/* End PBXGroup section */

/* Begin PBXNativeTarget section */
		DD4F7C0313C30F9F00825C6E /* Alarmify */ = {
			isa = PBXNativeTarget;
			buildConfigurationList = DD4F7C2213C30F9F00825C6E /* Build configuration list for PBXNativeTarget "Alarmify" */;
			buildPhases = (
				DD4F7C0013C30F9F00825C6E /* Sources */,
				DD4F7C0113C30F9F00825C6E /* Frameworks */,
				DD4F7C0213C30F9F00825C6E /* Resources */,
			);
			buildRules = (
			);
			dependencies = (
			);
			name = Alarmify;
			productName = Alarmify;
			productReference = DD4F7C0413C30F9F00825C6E /* Alarmify.app */;
			productType = "com.apple.product-type.application";
		};
/* End PBXNativeTarget section */

/* Begin PBXProject section */
		DD4F7BFB13C30F9F00825C6E /* Project object */ = {
			isa = PBXProject;
			attributes = {
				KnownAssetTags = (
					New,
				);
				LastUpgradeCheck = 0820;
				TargetAttributes = {
					DD4F7C0313C30F9F00825C6E = {
						ProvisioningStyle = Manual;
					};
				};
			};
			buildConfigurationList = DD4F7BFE13C30F9F00825C6E /* Build configuration list for PBXProject "Alarmify" */;
			compatibilityVersion = "Xcode 3.2";
			developmentRegion = English;
			hasScannedForEncodings = 0;
			knownRegions = (
				en,
			);
			mainGroup = DD4F7BF913C30F9F00825C6E;
			productRefGroup = DD4F7C0513C30F9F00825C6E /* Products */;
			projectDirPath = "";
			projectRoot = "";
			targets = (
				DD4F7C0313C30F9F00825C6E /* Alarmify */,
			);
		};
/* End PBXProject section */

/* Begin PBXResourcesBuildPhase section */
		DD4F7C0213C30F9F00825C6E /* Resources */ = {
			isa = PBXResourcesBuildPhase;
			buildActionMask = 2147483647;
			files = (
				13994ACB1E59ECAB00085440 /* PopupSpotifyUri.xib in Resources */,
				DD4F7C1F13C30F9F00825C6E /* MainMenu.xib in Resources */,
				DD4F7C4113C31B4A00825C6E /* Panel.xib in Resources */,
				13CE81171E6F475C00679D15 /* klartek_logo@2x.png in Resources */,
				13CE81181E6F475C00679D15 /* spotify_uri_help.png in Resources */,
				13CE81101E6F475C00679D15 /* bar_spotifyface_highlighted.png in Resources */,
				133949431E57295E003EA10F /* Settings.xib in Resources */,
				13CE81191E6F475C00679D15 /* spotify_uri_help@2x.png in Resources */,
				13CE81131E6F475C00679D15 /* bar_spotifyface@2x.png in Resources */,
				13994ACF1E59FE0000085440 /* PopupGeneral.xib in Resources */,
				13CE810F1E6F475C00679D15 /* bar_clockface@2x.png in Resources */,
				13CE81121E6F475C00679D15 /* bar_spotifyface.png in Resources */,
				13CE81161E6F475C00679D15 /* klartek_logo.png in Resources */,
				13CE81141E6F475C00679D15 /* cog.png in Resources */,
				13CE810B1E6F475C00679D15 /* abouticon_256x256@2x.png in Resources */,
				13CE810A1E6F475C00679D15 /* abouticon_256x256.png in Resources */,
				13CE810E1E6F475C00679D15 /* bar_clockface.png in Resources */,
				13CE81111E6F475C00679D15 /* bar_spotifyface_highlighted@2x.png in Resources */,
				13CE80DB1E6DE09E00679D15 /* Images.xcassets in Resources */,
				13CE81151E6F475C00679D15 /* cog@2x.png in Resources */,
				1339493A1E5705E6003EA10F /* About.xib in Resources */,
				13CE810C1E6F475C00679D15 /* bar_clockface_highlighted.png in Resources */,
				13CE810D1E6F475C00679D15 /* bar_clockface_highlighted@2x.png in Resources */,
			);
			runOnlyForDeploymentPostprocessing = 0;
		};
/* End PBXResourcesBuildPhase section */

/* Begin PBXSourcesBuildPhase section */
		DD4F7C0013C30F9F00825C6E /* Sources */ = {
			isa = PBXSourcesBuildPhase;
			buildActionMask = 2147483647;
			files = (
				13994ACA1E59ECAB00085440 /* PopupController.m in Sources */,
				DD4F7C1513C30F9F00825C6E /* main.m in Sources */,
				DD4F7C1C13C30F9F00825C6E /* ApplicationDelegate.m in Sources */,
				13CE80D71E6C57D100679D15 /* AudioHelper.m in Sources */,
				133949421E57295E003EA10F /* SettingsController.m in Sources */,
				13468DF31E4F8DAC003EF3DE /* STPrivilegedTask.m in Sources */,
				133949461E57570D003EA10F /* SpotifyAutoplayer.m in Sources */,
				133949391E5705E6003EA10F /* AboutController.m in Sources */,
				DD4F7C3813C317A500825C6E /* MenubarController.m in Sources */,
				DD4F7C3C13C3180800825C6E /* StatusItemView.m in Sources */,
				DD4F7C3F13C318D600825C6E /* PanelController.m in Sources */,
				DD4F7C4413C31BD200825C6E /* Panel.m in Sources */,
				1332C6CE1E85751A008E9A17 /* Utilities.m in Sources */,
				DD4F7C4713C3208500825C6E /* BackgroundView.m in Sources */,
			);
			runOnlyForDeploymentPostprocessing = 0;
		};
/* End PBXSourcesBuildPhase section */

/* Begin PBXVariantGroup section */
		DD4F7C1D13C30F9F00825C6E /* MainMenu.xib */ = {
			isa = PBXVariantGroup;
			children = (
				DD4F7C1E13C30F9F00825C6E /* en */,
			);
			name = MainMenu.xib;
			path = Alarmify;
			sourceTree = "<group>";
		};
/* End PBXVariantGroup section */

/* Begin XCBuildConfiguration section */
		DD4F7C2013C30F9F00825C6E /* Debug */ = {
			isa = XCBuildConfiguration;
			buildSettings = {
				ALWAYS_SEARCH_USER_PATHS = NO;
				CLANG_WARN_BOOL_CONVERSION = YES;
				CLANG_WARN_CONSTANT_CONVERSION = YES;
				CLANG_WARN_EMPTY_BODY = YES;
				CLANG_WARN_ENUM_CONVERSION = YES;
				CLANG_WARN_INFINITE_RECURSION = YES;
				CLANG_WARN_INT_CONVERSION = YES;
				CLANG_WARN_SUSPICIOUS_MOVE = YES;
				CLANG_WARN_UNREACHABLE_CODE = YES;
				CLANG_WARN__DUPLICATE_METHOD_MATCH = YES;
				COPY_PHASE_STRIP = NO;
				ENABLE_STRICT_OBJC_MSGSEND = YES;
				ENABLE_TESTABILITY = YES;
				GCC_C_LANGUAGE_STANDARD = gnu99;
				GCC_DYNAMIC_NO_PIC = NO;
				GCC_ENABLE_OBJC_EXCEPTIONS = YES;
				GCC_NO_COMMON_BLOCKS = YES;
				GCC_OPTIMIZATION_LEVEL = 0;
				GCC_PREPROCESSOR_DEFINITIONS = (
					"DEBUG=1",
					"$(inherited)",
				);
				GCC_SYMBOLS_PRIVATE_EXTERN = NO;
				GCC_VERSION = com.apple.compilers.llvm.clang.1_0;
				GCC_WARN_64_TO_32_BIT_CONVERSION = YES;
				GCC_WARN_ABOUT_MISSING_PROTOTYPES = YES;
				GCC_WARN_ABOUT_RETURN_TYPE = YES;
				GCC_WARN_UNDECLARED_SELECTOR = YES;
				GCC_WARN_UNINITIALIZED_AUTOS = YES;
				GCC_WARN_UNUSED_FUNCTION = YES;
				GCC_WARN_UNUSED_VARIABLE = YES;
				MACOSX_DEPLOYMENT_TARGET = 10.6;
				ONLY_ACTIVE_ARCH = YES;
				SDKROOT = macosx;
			};
			name = Debug;
		};
		DD4F7C2113C30F9F00825C6E /* Release */ = {
			isa = XCBuildConfiguration;
			buildSettings = {
				ALWAYS_SEARCH_USER_PATHS = NO;
				CLANG_WARN_BOOL_CONVERSION = YES;
				CLANG_WARN_CONSTANT_CONVERSION = YES;
				CLANG_WARN_EMPTY_BODY = YES;
				CLANG_WARN_ENUM_CONVERSION = YES;
				CLANG_WARN_INFINITE_RECURSION = YES;
				CLANG_WARN_INT_CONVERSION = YES;
				CLANG_WARN_SUSPICIOUS_MOVE = YES;
				CLANG_WARN_UNREACHABLE_CODE = YES;
				CLANG_WARN__DUPLICATE_METHOD_MATCH = YES;
				COPY_PHASE_STRIP = YES;
				DEBUG_INFORMATION_FORMAT = "dwarf-with-dsym";
				ENABLE_STRICT_OBJC_MSGSEND = YES;
				GCC_C_LANGUAGE_STANDARD = gnu99;
				GCC_ENABLE_OBJC_EXCEPTIONS = YES;
				GCC_NO_COMMON_BLOCKS = YES;
				GCC_VERSION = com.apple.compilers.llvm.clang.1_0;
				GCC_WARN_64_TO_32_BIT_CONVERSION = YES;
				GCC_WARN_ABOUT_MISSING_PROTOTYPES = YES;
				GCC_WARN_ABOUT_RETURN_TYPE = YES;
				GCC_WARN_UNDECLARED_SELECTOR = YES;
				GCC_WARN_UNINITIALIZED_AUTOS = YES;
				GCC_WARN_UNUSED_FUNCTION = YES;
				GCC_WARN_UNUSED_VARIABLE = YES;
				MACOSX_DEPLOYMENT_TARGET = 10.6;
				SDKROOT = macosx;
			};
			name = Release;
		};
		DD4F7C2313C30F9F00825C6E /* Debug */ = {
			isa = XCBuildConfiguration;
			buildSettings = {
				ASSETCATALOG_COMPILER_APPICON_NAME = AppIcon;
				CLANG_ENABLE_OBJC_ARC = YES;
				CODE_SIGN_IDENTITY = "";
				COMBINE_HIDPI_IMAGES = YES;
				DEVELOPMENT_TEAM = "";
				GCC_PRECOMPILE_PREFIX_HEADER = YES;
				GCC_PREFIX_HEADER = "Alarmify/Alarmify-Prefix.pch";
				INFOPLIST_FILE = "Alarmify/Alarmify-Info.plist";
				PRODUCT_BUNDLE_IDENTIFIER = com.macos.alarmify;
				PRODUCT_NAME = "$(TARGET_NAME)";
				WRAPPER_EXTENSION = app;
			};
			name = Debug;
		};
		DD4F7C2413C30F9F00825C6E /* Release */ = {
			isa = XCBuildConfiguration;
			buildSettings = {
				ASSETCATALOG_COMPILER_APPICON_NAME = AppIcon;
				CLANG_ENABLE_OBJC_ARC = YES;
				CODE_SIGN_IDENTITY = "";
				COMBINE_HIDPI_IMAGES = YES;
				DEVELOPMENT_TEAM = "";
				GCC_PRECOMPILE_PREFIX_HEADER = YES;
				GCC_PREFIX_HEADER = "Alarmify/Alarmify-Prefix.pch";
				INFOPLIST_FILE = "Alarmify/Alarmify-Info.plist";
				PRODUCT_BUNDLE_IDENTIFIER = com.macos.alarmify;
				PRODUCT_NAME = "$(TARGET_NAME)";
				WRAPPER_EXTENSION = app;
			};
			name = Release;
		};
/* End XCBuildConfiguration section */

/* Begin XCConfigurationList section */
		DD4F7BFE13C30F9F00825C6E /* Build configuration list for PBXProject "Alarmify" */ = {
			isa = XCConfigurationList;
			buildConfigurations = (
				DD4F7C2013C30F9F00825C6E /* Debug */,
				DD4F7C2113C30F9F00825C6E /* Release */,
			);
			defaultConfigurationIsVisible = 0;
			defaultConfigurationName = Release;
		};
		DD4F7C2213C30F9F00825C6E /* Build configuration list for PBXNativeTarget "Alarmify" */ = {
			isa = XCConfigurationList;
			buildConfigurations = (
				DD4F7C2313C30F9F00825C6E /* Debug */,
				DD4F7C2413C30F9F00825C6E /* Release */,
			);
			defaultConfigurationIsVisible = 0;
			defaultConfigurationName = Release;
		};
/* End XCConfigurationList section */
	};
	rootObject = DD4F7BFB13C30F9F00825C6E /* Project object */;
}
